
Microsoft Visual Studio Solution File, Format Version 12.00
# Visual Studio Version 16
VisualStudioVersion = 16.0.29509.3
MinimumVisualStudioVersion = 10.0.40219.1
Project("{FAE04EC0-301F-11D3-BF4B-00C04F79EFBC}") = "AutoAssistantUWP", "AutoAssistantUWP\AutoAssistantUWP.csproj", "{4A008DA6-E40C-4BCC-BA56-EADA4EF8C37B}"
EndProject
Project("{FAE04EC0-301F-11D3-BF4B-00C04F79EFBC}") = "ToolsPortable", "PortableLibraries\ToolsPortable\ToolsPortable\ToolsPortable.csproj", "{175ABC4A-4F7B-4CDB-AF1A-9CBF67A0601C}"
EndProject
Project("{FAE04EC0-301F-11D3-BF4B-00C04F79EFBC}") = "ToolsUniversal", "applibraries\ToolsUniversal\ToolsUniversal\ToolsUniversal.csproj", "{B04E5040-2DBB-4D91-A5C8-FA21841D6372}"
EndProject
Project("{FAE04EC0-301F-11D3-BF4B-00C04F79EFBC}") = "InterfacesUWP", "applibraries\InterfacesUWP\InterfacesUWP\InterfacesUWP.csproj", "{4A105DE9-FB7D-446F-88B5-01338B38C920}"
EndProject
Project("{FAE04EC0-301F-11D3-BF4B-00C04F79EFBC}") = "BareMvvm.Core", "PortableLibraries\BareMvvm\BareMvvm.Core\BareMvvm.Core.csproj", "{AB6AC1B2-91FB-4EFB-B601-A795FBAB4575}"
EndProject
Project("{FAE04EC0-301F-11D3-BF4B-00C04F79EFBC}") = "AutoAssistantAppDataLibrary", "AutoAssistantAppDataLibrary\AutoAssistantAppDataLibrary.csproj", "{F2DF1945-3AB3-4A75-BD38-5E2962C36889}"
EndProject
Project("{FAE04EC0-301F-11D3-BF4B-00C04F79EFBC}") = "AutoAssistantLibrary", "autoassistantlibraries\AutoAssistantLibrary\AutoAssistantLibrary.csproj", "{25714706-5195-4AB4-8573-2F1B656DA580}"
EndProject
Project("{FAE04EC0-301F-11D3-BF4B-00C04F79EFBC}") = "AutoAssistantAppDataLibraryTests", "AutoAssistantAppDataLibraryTests\AutoAssistantAppDataLibraryTests.csproj", "{5A6F5A77-BF15-4B64-9B03-191B9C7B7DE3}"
EndProject
Project("{FAE04EC0-301F-11D3-BF4B-00C04F79EFBC}") = "UpgradeFromSilverlight", "UpgradeFromSilverlight\UpgradeFromSilverlight.csproj", "{4313E39F-F9EC-4579-BD7B-51ED7D8494DF}"
EndProject
Global
	GlobalSection(SolutionConfigurationPlatforms) = preSolution
		Debug (Android)|Any CPU = Debug (Android)|Any CPU
		Debug (Android)|ARM = Debug (Android)|ARM
		Debug (Android)|x64 = Debug (Android)|x64
		Debug (Android)|x86 = Debug (Android)|x86
		Debug|Any CPU = Debug|Any CPU
		Debug|ARM = Debug|ARM
		Debug|x64 = Debug|x64
		Debug|x86 = Debug|x86
		Release (Android)|Any CPU = Release (Android)|Any CPU
		Release (Android)|ARM = Release (Android)|ARM
		Release (Android)|x64 = Release (Android)|x64
		Release (Android)|x86 = Release (Android)|x86
		Release|Any CPU = Release|Any CPU
		Release|ARM = Release|ARM
		Release|x64 = Release|x64
		Release|x86 = Release|x86
	EndGlobalSection
	GlobalSection(ProjectConfigurationPlatforms) = postSolution
		{4A008DA6-E40C-4BCC-BA56-EADA4EF8C37B}.Debug (Android)|Any CPU.ActiveCfg = Release|x86
		{4A008DA6-E40C-4BCC-BA56-EADA4EF8C37B}.Debug (Android)|Any CPU.Build.0 = Release|x86
		{4A008DA6-E40C-4BCC-BA56-EADA4EF8C37B}.Debug (Android)|Any CPU.Deploy.0 = Release|x86
		{4A008DA6-E40C-4BCC-BA56-EADA4EF8C37B}.Debug (Android)|ARM.ActiveCfg = Debug|ARM
		{4A008DA6-E40C-4BCC-BA56-EADA4EF8C37B}.Debug (Android)|ARM.Build.0 = Debug|ARM
		{4A008DA6-E40C-4BCC-BA56-EADA4EF8C37B}.Debug (Android)|ARM.Deploy.0 = Debug|ARM
		{4A008DA6-E40C-4BCC-BA56-EADA4EF8C37B}.Debug (Android)|x64.ActiveCfg = Debug|x64
		{4A008DA6-E40C-4BCC-BA56-EADA4EF8C37B}.Debug (Android)|x64.Build.0 = Debug|x64
		{4A008DA6-E40C-4BCC-BA56-EADA4EF8C37B}.Debug (Android)|x64.Deploy.0 = Debug|x64
		{4A008DA6-E40C-4BCC-BA56-EADA4EF8C37B}.Debug (Android)|x86.ActiveCfg = Debug|x86
		{4A008DA6-E40C-4BCC-BA56-EADA4EF8C37B}.Debug (Android)|x86.Build.0 = Debug|x86
		{4A008DA6-E40C-4BCC-BA56-EADA4EF8C37B}.Debug (Android)|x86.Deploy.0 = Debug|x86
		{4A008DA6-E40C-4BCC-BA56-EADA4EF8C37B}.Debug|Any CPU.ActiveCfg = Debug|x86
		{4A008DA6-E40C-4BCC-BA56-EADA4EF8C37B}.Debug|ARM.ActiveCfg = Debug|ARM
		{4A008DA6-E40C-4BCC-BA56-EADA4EF8C37B}.Debug|ARM.Build.0 = Debug|ARM
		{4A008DA6-E40C-4BCC-BA56-EADA4EF8C37B}.Debug|ARM.Deploy.0 = Debug|ARM
		{4A008DA6-E40C-4BCC-BA56-EADA4EF8C37B}.Debug|x64.ActiveCfg = Debug|x64
		{4A008DA6-E40C-4BCC-BA56-EADA4EF8C37B}.Debug|x64.Build.0 = Debug|x64
		{4A008DA6-E40C-4BCC-BA56-EADA4EF8C37B}.Debug|x64.Deploy.0 = Debug|x64
		{4A008DA6-E40C-4BCC-BA56-EADA4EF8C37B}.Debug|x86.ActiveCfg = Debug|x86
		{4A008DA6-E40C-4BCC-BA56-EADA4EF8C37B}.Debug|x86.Build.0 = Debug|x86
		{4A008DA6-E40C-4BCC-BA56-EADA4EF8C37B}.Debug|x86.Deploy.0 = Debug|x86
		{4A008DA6-E40C-4BCC-BA56-EADA4EF8C37B}.Release (Android)|Any CPU.ActiveCfg = Release|x86
		{4A008DA6-E40C-4BCC-BA56-EADA4EF8C37B}.Release (Android)|Any CPU.Build.0 = Release|x86
		{4A008DA6-E40C-4BCC-BA56-EADA4EF8C37B}.Release (Android)|Any CPU.Deploy.0 = Release|x86
		{4A008DA6-E40C-4BCC-BA56-EADA4EF8C37B}.Release (Android)|ARM.ActiveCfg = Release|ARM
		{4A008DA6-E40C-4BCC-BA56-EADA4EF8C37B}.Release (Android)|ARM.Build.0 = Release|ARM
		{4A008DA6-E40C-4BCC-BA56-EADA4EF8C37B}.Release (Android)|ARM.Deploy.0 = Release|ARM
		{4A008DA6-E40C-4BCC-BA56-EADA4EF8C37B}.Release (Android)|x64.ActiveCfg = Release|x64
		{4A008DA6-E40C-4BCC-BA56-EADA4EF8C37B}.Release (Android)|x64.Build.0 = Release|x64
		{4A008DA6-E40C-4BCC-BA56-EADA4EF8C37B}.Release (Android)|x64.Deploy.0 = Release|x64
		{4A008DA6-E40C-4BCC-BA56-EADA4EF8C37B}.Release (Android)|x86.ActiveCfg = Release|x86
		{4A008DA6-E40C-4BCC-BA56-EADA4EF8C37B}.Release (Android)|x86.Build.0 = Release|x86
		{4A008DA6-E40C-4BCC-BA56-EADA4EF8C37B}.Release (Android)|x86.Deploy.0 = Release|x86
		{4A008DA6-E40C-4BCC-BA56-EADA4EF8C37B}.Release|Any CPU.ActiveCfg = Release|x86
		{4A008DA6-E40C-4BCC-BA56-EADA4EF8C37B}.Release|ARM.ActiveCfg = Release|ARM
		{4A008DA6-E40C-4BCC-BA56-EADA4EF8C37B}.Release|ARM.Build.0 = Release|ARM
		{4A008DA6-E40C-4BCC-BA56-EADA4EF8C37B}.Release|ARM.Deploy.0 = Release|ARM
		{4A008DA6-E40C-4BCC-BA56-EADA4EF8C37B}.Release|x64.ActiveCfg = Release|x64
		{4A008DA6-E40C-4BCC-BA56-EADA4EF8C37B}.Release|x64.Build.0 = Release|x64
		{4A008DA6-E40C-4BCC-BA56-EADA4EF8C37B}.Release|x64.Deploy.0 = Release|x64
		{4A008DA6-E40C-4BCC-BA56-EADA4EF8C37B}.Release|x86.ActiveCfg = Release|x86
		{4A008DA6-E40C-4BCC-BA56-EADA4EF8C37B}.Release|x86.Build.0 = Release|x86
		{4A008DA6-E40C-4BCC-BA56-EADA4EF8C37B}.Release|x86.Deploy.0 = Release|x86
		{175ABC4A-4F7B-4CDB-AF1A-9CBF67A0601C}.Debug (Android)|Any CPU.ActiveCfg = Debug (Android)|Any CPU
		{175ABC4A-4F7B-4CDB-AF1A-9CBF67A0601C}.Debug (Android)|Any CPU.Build.0 = Debug (Android)|Any CPU
		{175ABC4A-4F7B-4CDB-AF1A-9CBF67A0601C}.Debug (Android)|ARM.ActiveCfg = Debug (Android)|Any CPU
		{175ABC4A-4F7B-4CDB-AF1A-9CBF67A0601C}.Debug (Android)|ARM.Build.0 = Debug (Android)|Any CPU
		{175ABC4A-4F7B-4CDB-AF1A-9CBF67A0601C}.Debug (Android)|x64.ActiveCfg = Debug (Android)|Any CPU
		{175ABC4A-4F7B-4CDB-AF1A-9CBF67A0601C}.Debug (Android)|x64.Build.0 = Debug (Android)|Any CPU
		{175ABC4A-4F7B-4CDB-AF1A-9CBF67A0601C}.Debug (Android)|x86.ActiveCfg = Debug (Android)|Any CPU
		{175ABC4A-4F7B-4CDB-AF1A-9CBF67A0601C}.Debug (Android)|x86.Build.0 = Debug (Android)|Any CPU
		{175ABC4A-4F7B-4CDB-AF1A-9CBF67A0601C}.Debug|Any CPU.ActiveCfg = Debug|Any CPU
		{175ABC4A-4F7B-4CDB-AF1A-9CBF67A0601C}.Debug|Any CPU.Build.0 = Debug|Any CPU
		{175ABC4A-4F7B-4CDB-AF1A-9CBF67A0601C}.Debug|ARM.ActiveCfg = Debug|Any CPU
		{175ABC4A-4F7B-4CDB-AF1A-9CBF67A0601C}.Debug|ARM.Build.0 = Debug|Any CPU
		{175ABC4A-4F7B-4CDB-AF1A-9CBF67A0601C}.Debug|x64.ActiveCfg = Debug|Any CPU
		{175ABC4A-4F7B-4CDB-AF1A-9CBF67A0601C}.Debug|x64.Build.0 = Debug|Any CPU
		{175ABC4A-4F7B-4CDB-AF1A-9CBF67A0601C}.Debug|x86.ActiveCfg = Debug|Any CPU
		{175ABC4A-4F7B-4CDB-AF1A-9CBF67A0601C}.Debug|x86.Build.0 = Debug|Any CPU
		{175ABC4A-4F7B-4CDB-AF1A-9CBF67A0601C}.Release (Android)|Any CPU.ActiveCfg = Release (Android)|Any CPU
		{175ABC4A-4F7B-4CDB-AF1A-9CBF67A0601C}.Release (Android)|Any CPU.Build.0 = Release (Android)|Any CPU
		{175ABC4A-4F7B-4CDB-AF1A-9CBF67A0601C}.Release (Android)|ARM.ActiveCfg = Release (Android)|Any CPU
		{175ABC4A-4F7B-4CDB-AF1A-9CBF67A0601C}.Release (Android)|ARM.Build.0 = Release (Android)|Any CPU
		{175ABC4A-4F7B-4CDB-AF1A-9CBF67A0601C}.Release (Android)|x64.ActiveCfg = Release (Android)|Any CPU
		{175ABC4A-4F7B-4CDB-AF1A-9CBF67A0601C}.Release (Android)|x64.Build.0 = Release (Android)|Any CPU
		{175ABC4A-4F7B-4CDB-AF1A-9CBF67A0601C}.Release (Android)|x86.ActiveCfg = Release (Android)|Any CPU
		{175ABC4A-4F7B-4CDB-AF1A-9CBF67A0601C}.Release (Android)|x86.Build.0 = Release (Android)|Any CPU
		{175ABC4A-4F7B-4CDB-AF1A-9CBF67A0601C}.Release|Any CPU.ActiveCfg = Release|Any CPU
		{175ABC4A-4F7B-4CDB-AF1A-9CBF67A0601C}.Release|Any CPU.Build.0 = Release|Any CPU
		{175ABC4A-4F7B-4CDB-AF1A-9CBF67A0601C}.Release|ARM.ActiveCfg = Release|Any CPU
		{175ABC4A-4F7B-4CDB-AF1A-9CBF67A0601C}.Release|ARM.Build.0 = Release|Any CPU
		{175ABC4A-4F7B-4CDB-AF1A-9CBF67A0601C}.Release|x64.ActiveCfg = Release|Any CPU
		{175ABC4A-4F7B-4CDB-AF1A-9CBF67A0601C}.Release|x64.Build.0 = Release|Any CPU
		{175ABC4A-4F7B-4CDB-AF1A-9CBF67A0601C}.Release|x86.ActiveCfg = Release|Any CPU
		{175ABC4A-4F7B-4CDB-AF1A-9CBF67A0601C}.Release|x86.Build.0 = Release|Any CPU
		{B04E5040-2DBB-4D91-A5C8-FA21841D6372}.Debug (Android)|Any CPU.ActiveCfg = Debug|Any CPU
		{B04E5040-2DBB-4D91-A5C8-FA21841D6372}.Debug (Android)|Any CPU.Build.0 = Debug|Any CPU
		{B04E5040-2DBB-4D91-A5C8-FA21841D6372}.Debug (Android)|ARM.ActiveCfg = Debug|ARM
		{B04E5040-2DBB-4D91-A5C8-FA21841D6372}.Debug (Android)|ARM.Build.0 = Debug|ARM
		{B04E5040-2DBB-4D91-A5C8-FA21841D6372}.Debug (Android)|x64.ActiveCfg = Debug|x64
		{B04E5040-2DBB-4D91-A5C8-FA21841D6372}.Debug (Android)|x64.Build.0 = Debug|x64
		{B04E5040-2DBB-4D91-A5C8-FA21841D6372}.Debug (Android)|x86.ActiveCfg = Debug|x86
		{B04E5040-2DBB-4D91-A5C8-FA21841D6372}.Debug (Android)|x86.Build.0 = Debug|x86
		{B04E5040-2DBB-4D91-A5C8-FA21841D6372}.Debug|Any CPU.ActiveCfg = Debug|Any CPU
		{B04E5040-2DBB-4D91-A5C8-FA21841D6372}.Debug|Any CPU.Build.0 = Debug|Any CPU
		{B04E5040-2DBB-4D91-A5C8-FA21841D6372}.Debug|ARM.ActiveCfg = Debug|ARM
		{B04E5040-2DBB-4D91-A5C8-FA21841D6372}.Debug|ARM.Build.0 = Debug|ARM
		{B04E5040-2DBB-4D91-A5C8-FA21841D6372}.Debug|x64.ActiveCfg = Debug|x64
		{B04E5040-2DBB-4D91-A5C8-FA21841D6372}.Debug|x64.Build.0 = Debug|x64
		{B04E5040-2DBB-4D91-A5C8-FA21841D6372}.Debug|x86.ActiveCfg = Debug|x86
		{B04E5040-2DBB-4D91-A5C8-FA21841D6372}.Debug|x86.Build.0 = Debug|x86
		{B04E5040-2DBB-4D91-A5C8-FA21841D6372}.Release (Android)|Any CPU.ActiveCfg = Release|Any CPU
		{B04E5040-2DBB-4D91-A5C8-FA21841D6372}.Release (Android)|Any CPU.Build.0 = Release|Any CPU
		{B04E5040-2DBB-4D91-A5C8-FA21841D6372}.Release (Android)|ARM.ActiveCfg = Release|ARM
		{B04E5040-2DBB-4D91-A5C8-FA21841D6372}.Release (Android)|ARM.Build.0 = Release|ARM
		{B04E5040-2DBB-4D91-A5C8-FA21841D6372}.Release (Android)|x64.ActiveCfg = Release|x64
		{B04E5040-2DBB-4D91-A5C8-FA21841D6372}.Release (Android)|x64.Build.0 = Release|x64
		{B04E5040-2DBB-4D91-A5C8-FA21841D6372}.Release (Android)|x86.ActiveCfg = Release|x86
		{B04E5040-2DBB-4D91-A5C8-FA21841D6372}.Release (Android)|x86.Build.0 = Release|x86
		{B04E5040-2DBB-4D91-A5C8-FA21841D6372}.Release|Any CPU.ActiveCfg = Release|Any CPU
		{B04E5040-2DBB-4D91-A5C8-FA21841D6372}.Release|Any CPU.Build.0 = Release|Any CPU
		{B04E5040-2DBB-4D91-A5C8-FA21841D6372}.Release|ARM.ActiveCfg = Release|ARM
		{B04E5040-2DBB-4D91-A5C8-FA21841D6372}.Release|ARM.Build.0 = Release|ARM
		{B04E5040-2DBB-4D91-A5C8-FA21841D6372}.Release|x64.ActiveCfg = Release|x64
		{B04E5040-2DBB-4D91-A5C8-FA21841D6372}.Release|x64.Build.0 = Release|x64
		{B04E5040-2DBB-4D91-A5C8-FA21841D6372}.Release|x86.ActiveCfg = Release|x86
		{B04E5040-2DBB-4D91-A5C8-FA21841D6372}.Release|x86.Build.0 = Release|x86
		{4A105DE9-FB7D-446F-88B5-01338B38C920}.Debug (Android)|Any CPU.ActiveCfg = Debug|Any CPU
		{4A105DE9-FB7D-446F-88B5-01338B38C920}.Debug (Android)|Any CPU.Build.0 = Debug|Any CPU
		{4A105DE9-FB7D-446F-88B5-01338B38C920}.Debug (Android)|ARM.ActiveCfg = Debug|ARM
		{4A105DE9-FB7D-446F-88B5-01338B38C920}.Debug (Android)|ARM.Build.0 = Debug|ARM
		{4A105DE9-FB7D-446F-88B5-01338B38C920}.Debug (Android)|x64.ActiveCfg = Debug|x64
		{4A105DE9-FB7D-446F-88B5-01338B38C920}.Debug (Android)|x64.Build.0 = Debug|x64
		{4A105DE9-FB7D-446F-88B5-01338B38C920}.Debug (Android)|x86.ActiveCfg = Debug|x86
		{4A105DE9-FB7D-446F-88B5-01338B38C920}.Debug (Android)|x86.Build.0 = Debug|x86
		{4A105DE9-FB7D-446F-88B5-01338B38C920}.Debug|Any CPU.ActiveCfg = Debug|Any CPU
		{4A105DE9-FB7D-446F-88B5-01338B38C920}.Debug|Any CPU.Build.0 = Debug|Any CPU
		{4A105DE9-FB7D-446F-88B5-01338B38C920}.Debug|ARM.ActiveCfg = Debug|ARM
		{4A105DE9-FB7D-446F-88B5-01338B38C920}.Debug|ARM.Build.0 = Debug|ARM
		{4A105DE9-FB7D-446F-88B5-01338B38C920}.Debug|x64.ActiveCfg = Debug|x64
		{4A105DE9-FB7D-446F-88B5-01338B38C920}.Debug|x64.Build.0 = Debug|x64
		{4A105DE9-FB7D-446F-88B5-01338B38C920}.Debug|x86.ActiveCfg = Debug|x86
		{4A105DE9-FB7D-446F-88B5-01338B38C920}.Debug|x86.Build.0 = Debug|x86
		{4A105DE9-FB7D-446F-88B5-01338B38C920}.Release (Android)|Any CPU.ActiveCfg = Release|Any CPU
		{4A105DE9-FB7D-446F-88B5-01338B38C920}.Release (Android)|Any CPU.Build.0 = Release|Any CPU
		{4A105DE9-FB7D-446F-88B5-01338B38C920}.Release (Android)|ARM.ActiveCfg = Release|ARM
		{4A105DE9-FB7D-446F-88B5-01338B38C920}.Release (Android)|ARM.Build.0 = Release|ARM
		{4A105DE9-FB7D-446F-88B5-01338B38C920}.Release (Android)|x64.ActiveCfg = Release|x64
		{4A105DE9-FB7D-446F-88B5-01338B38C920}.Release (Android)|x64.Build.0 = Release|x64
		{4A105DE9-FB7D-446F-88B5-01338B38C920}.Release (Android)|x86.ActiveCfg = Release|x86
		{4A105DE9-FB7D-446F-88B5-01338B38C920}.Release (Android)|x86.Build.0 = Release|x86
		{4A105DE9-FB7D-446F-88B5-01338B38C920}.Release|Any CPU.ActiveCfg = Release|Any CPU
		{4A105DE9-FB7D-446F-88B5-01338B38C920}.Release|Any CPU.Build.0 = Release|Any CPU
		{4A105DE9-FB7D-446F-88B5-01338B38C920}.Release|ARM.ActiveCfg = Release|ARM
		{4A105DE9-FB7D-446F-88B5-01338B38C920}.Release|ARM.Build.0 = Release|ARM
		{4A105DE9-FB7D-446F-88B5-01338B38C920}.Release|x64.ActiveCfg = Release|x64
		{4A105DE9-FB7D-446F-88B5-01338B38C920}.Release|x64.Build.0 = Release|x64
		{4A105DE9-FB7D-446F-88B5-01338B38C920}.Release|x86.ActiveCfg = Release|x86
		{4A105DE9-FB7D-446F-88B5-01338B38C920}.Release|x86.Build.0 = Release|x86
		{AB6AC1B2-91FB-4EFB-B601-A795FBAB4575}.Debug (Android)|Any CPU.ActiveCfg = Debug (Android)|Any CPU
		{AB6AC1B2-91FB-4EFB-B601-A795FBAB4575}.Debug (Android)|Any CPU.Build.0 = Debug (Android)|Any CPU
		{AB6AC1B2-91FB-4EFB-B601-A795FBAB4575}.Debug (Android)|ARM.ActiveCfg = Debug (Android)|Any CPU
		{AB6AC1B2-91FB-4EFB-B601-A795FBAB4575}.Debug (Android)|ARM.Build.0 = Debug (Android)|Any CPU
		{AB6AC1B2-91FB-4EFB-B601-A795FBAB4575}.Debug (Android)|x64.ActiveCfg = Debug (Android)|Any CPU
		{AB6AC1B2-91FB-4EFB-B601-A795FBAB4575}.Debug (Android)|x64.Build.0 = Debug (Android)|Any CPU
		{AB6AC1B2-91FB-4EFB-B601-A795FBAB4575}.Debug (Android)|x86.ActiveCfg = Debug (Android)|Any CPU
		{AB6AC1B2-91FB-4EFB-B601-A795FBAB4575}.Debug (Android)|x86.Build.0 = Debug (Android)|Any CPU
		{AB6AC1B2-91FB-4EFB-B601-A795FBAB4575}.Debug|Any CPU.ActiveCfg = Debug|Any CPU
		{AB6AC1B2-91FB-4EFB-B601-A795FBAB4575}.Debug|Any CPU.Build.0 = Debug|Any CPU
		{AB6AC1B2-91FB-4EFB-B601-A795FBAB4575}.Debug|ARM.ActiveCfg = Debug|Any CPU
		{AB6AC1B2-91FB-4EFB-B601-A795FBAB4575}.Debug|ARM.Build.0 = Debug|Any CPU
		{AB6AC1B2-91FB-4EFB-B601-A795FBAB4575}.Debug|x64.ActiveCfg = Debug|Any CPU
		{AB6AC1B2-91FB-4EFB-B601-A795FBAB4575}.Debug|x64.Build.0 = Debug|Any CPU
		{AB6AC1B2-91FB-4EFB-B601-A795FBAB4575}.Debug|x86.ActiveCfg = Debug|Any CPU
		{AB6AC1B2-91FB-4EFB-B601-A795FBAB4575}.Debug|x86.Build.0 = Debug|Any CPU
		{AB6AC1B2-91FB-4EFB-B601-A795FBAB4575}.Release (Android)|Any CPU.ActiveCfg = Release (Android)|Any CPU
		{AB6AC1B2-91FB-4EFB-B601-A795FBAB4575}.Release (Android)|Any CPU.Build.0 = Release (Android)|Any CPU
		{AB6AC1B2-91FB-4EFB-B601-A795FBAB4575}.Release (Android)|ARM.ActiveCfg = Release (Android)|Any CPU
		{AB6AC1B2-91FB-4EFB-B601-A795FBAB4575}.Release (Android)|ARM.Build.0 = Release (Android)|Any CPU
		{AB6AC1B2-91FB-4EFB-B601-A795FBAB4575}.Release (Android)|x64.ActiveCfg = Release (Android)|Any CPU
		{AB6AC1B2-91FB-4EFB-B601-A795FBAB4575}.Release (Android)|x64.Build.0 = Release (Android)|Any CPU
		{AB6AC1B2-91FB-4EFB-B601-A795FBAB4575}.Release (Android)|x86.ActiveCfg = Release (Android)|Any CPU
		{AB6AC1B2-91FB-4EFB-B601-A795FBAB4575}.Release (Android)|x86.Build.0 = Release (Android)|Any CPU
		{AB6AC1B2-91FB-4EFB-B601-A795FBAB4575}.Release|Any CPU.ActiveCfg = Release|Any CPU
		{AB6AC1B2-91FB-4EFB-B601-A795FBAB4575}.Release|Any CPU.Build.0 = Release|Any CPU
		{AB6AC1B2-91FB-4EFB-B601-A795FBAB4575}.Release|ARM.ActiveCfg = Release|Any CPU
		{AB6AC1B2-91FB-4EFB-B601-A795FBAB4575}.Release|ARM.Build.0 = Release|Any CPU
		{AB6AC1B2-91FB-4EFB-B601-A795FBAB4575}.Release|x64.ActiveCfg = Release|Any CPU
		{AB6AC1B2-91FB-4EFB-B601-A795FBAB4575}.Release|x64.Build.0 = Release|Any CPU
		{AB6AC1B2-91FB-4EFB-B601-A795FBAB4575}.Release|x86.ActiveCfg = Release|Any CPU
		{AB6AC1B2-91FB-4EFB-B601-A795FBAB4575}.Release|x86.Build.0 = Release|Any CPU
		{F2DF1945-3AB3-4A75-BD38-5E2962C36889}.Debug (Android)|Any CPU.ActiveCfg = Debug|Any CPU
		{F2DF1945-3AB3-4A75-BD38-5E2962C36889}.Debug (Android)|Any CPU.Build.0 = Debug|Any CPU
		{F2DF1945-3AB3-4A75-BD38-5E2962C36889}.Debug (Android)|ARM.ActiveCfg = Debug|Any CPU
		{F2DF1945-3AB3-4A75-BD38-5E2962C36889}.Debug (Android)|ARM.Build.0 = Debug|Any CPU
		{F2DF1945-3AB3-4A75-BD38-5E2962C36889}.Debug (Android)|x64.ActiveCfg = Debug|Any CPU
		{F2DF1945-3AB3-4A75-BD38-5E2962C36889}.Debug (Android)|x64.Build.0 = Debug|Any CPU
		{F2DF1945-3AB3-4A75-BD38-5E2962C36889}.Debug (Android)|x86.ActiveCfg = Debug|Any CPU
		{F2DF1945-3AB3-4A75-BD38-5E2962C36889}.Debug (Android)|x86.Build.0 = Debug|Any CPU
		{F2DF1945-3AB3-4A75-BD38-5E2962C36889}.Debug|Any CPU.ActiveCfg = Debug|Any CPU
		{F2DF1945-3AB3-4A75-BD38-5E2962C36889}.Debug|Any CPU.Build.0 = Debug|Any CPU
		{F2DF1945-3AB3-4A75-BD38-5E2962C36889}.Debug|ARM.ActiveCfg = Debug|Any CPU
		{F2DF1945-3AB3-4A75-BD38-5E2962C36889}.Debug|ARM.Build.0 = Debug|Any CPU
		{F2DF1945-3AB3-4A75-BD38-5E2962C36889}.Debug|x64.ActiveCfg = Debug|Any CPU
		{F2DF1945-3AB3-4A75-BD38-5E2962C36889}.Debug|x64.Build.0 = Debug|Any CPU
		{F2DF1945-3AB3-4A75-BD38-5E2962C36889}.Debug|x86.ActiveCfg = Debug|Any CPU
		{F2DF1945-3AB3-4A75-BD38-5E2962C36889}.Debug|x86.Build.0 = Debug|Any CPU
		{F2DF1945-3AB3-4A75-BD38-5E2962C36889}.Release (Android)|Any CPU.ActiveCfg = Release|Any CPU
		{F2DF1945-3AB3-4A75-BD38-5E2962C36889}.Release (Android)|Any CPU.Build.0 = Release|Any CPU
		{F2DF1945-3AB3-4A75-BD38-5E2962C36889}.Release (Android)|ARM.ActiveCfg = Release|Any CPU
		{F2DF1945-3AB3-4A75-BD38-5E2962C36889}.Release (Android)|ARM.Build.0 = Release|Any CPU
		{F2DF1945-3AB3-4A75-BD38-5E2962C36889}.Release (Android)|x64.ActiveCfg = Release|Any CPU
		{F2DF1945-3AB3-4A75-BD38-5E2962C36889}.Release (Android)|x64.Build.0 = Release|Any CPU
		{F2DF1945-3AB3-4A75-BD38-5E2962C36889}.Release (Android)|x86.ActiveCfg = Release|Any CPU
		{F2DF1945-3AB3-4A75-BD38-5E2962C36889}.Release (Android)|x86.Build.0 = Release|Any CPU
		{F2DF1945-3AB3-4A75-BD38-5E2962C36889}.Release|Any CPU.ActiveCfg = Release|Any CPU
		{F2DF1945-3AB3-4A75-BD38-5E2962C36889}.Release|Any CPU.Build.0 = Release|Any CPU
		{F2DF1945-3AB3-4A75-BD38-5E2962C36889}.Release|ARM.ActiveCfg = Release|Any CPU
		{F2DF1945-3AB3-4A75-BD38-5E2962C36889}.Release|ARM.Build.0 = Release|Any CPU
		{F2DF1945-3AB3-4A75-BD38-5E2962C36889}.Release|x64.ActiveCfg = Release|Any CPU
		{F2DF1945-3AB3-4A75-BD38-5E2962C36889}.Release|x64.Build.0 = Release|Any CPU
		{F2DF1945-3AB3-4A75-BD38-5E2962C36889}.Release|x86.ActiveCfg = Release|Any CPU
		{F2DF1945-3AB3-4A75-BD38-5E2962C36889}.Release|x86.Build.0 = Release|Any CPU
		{25714706-5195-4AB4-8573-2F1B656DA580}.Debug (Android)|Any CPU.ActiveCfg = Debug|Any CPU
		{25714706-5195-4AB4-8573-2F1B656DA580}.Debug (Android)|Any CPU.Build.0 = Debug|Any CPU
		{25714706-5195-4AB4-8573-2F1B656DA580}.Debug (Android)|ARM.ActiveCfg = Debug|Any CPU
		{25714706-5195-4AB4-8573-2F1B656DA580}.Debug (Android)|ARM.Build.0 = Debug|Any CPU
		{25714706-5195-4AB4-8573-2F1B656DA580}.Debug (Android)|x64.ActiveCfg = Debug|Any CPU
		{25714706-5195-4AB4-8573-2F1B656DA580}.Debug (Android)|x64.Build.0 = Debug|Any CPU
		{25714706-5195-4AB4-8573-2F1B656DA580}.Debug (Android)|x86.ActiveCfg = Debug|Any CPU
		{25714706-5195-4AB4-8573-2F1B656DA580}.Debug (Android)|x86.Build.0 = Debug|Any CPU
		{25714706-5195-4AB4-8573-2F1B656DA580}.Debug|Any CPU.ActiveCfg = Debug|Any CPU
		{25714706-5195-4AB4-8573-2F1B656DA580}.Debug|Any CPU.Build.0 = Debug|Any CPU
		{25714706-5195-4AB4-8573-2F1B656DA580}.Debug|ARM.ActiveCfg = Debug|Any CPU
		{25714706-5195-4AB4-8573-2F1B656DA580}.Debug|ARM.Build.0 = Debug|Any CPU
		{25714706-5195-4AB4-8573-2F1B656DA580}.Debug|x64.ActiveCfg = Debug|Any CPU
		{25714706-5195-4AB4-8573-2F1B656DA580}.Debug|x64.Build.0 = Debug|Any CPU
		{25714706-5195-4AB4-8573-2F1B656DA580}.Debug|x86.ActiveCfg = Debug|Any CPU
		{25714706-5195-4AB4-8573-2F1B656DA580}.Debug|x86.Build.0 = Debug|Any CPU
		{25714706-5195-4AB4-8573-2F1B656DA580}.Release (Android)|Any CPU.ActiveCfg = Release|Any CPU
		{25714706-5195-4AB4-8573-2F1B656DA580}.Release (Android)|Any CPU.Build.0 = Release|Any CPU
		{25714706-5195-4AB4-8573-2F1B656DA580}.Release (Android)|ARM.ActiveCfg = Release|Any CPU
		{25714706-5195-4AB4-8573-2F1B656DA580}.Release (Android)|ARM.Build.0 = Release|Any CPU
		{25714706-5195-4AB4-8573-2F1B656DA580}.Release (Android)|x64.ActiveCfg = Release|Any CPU
		{25714706-5195-4AB4-8573-2F1B656DA580}.Release (Android)|x64.Build.0 = Release|Any CPU
		{25714706-5195-4AB4-8573-2F1B656DA580}.Release (Android)|x86.ActiveCfg = Release|Any CPU
		{25714706-5195-4AB4-8573-2F1B656DA580}.Release (Android)|x86.Build.0 = Release|Any CPU
		{25714706-5195-4AB4-8573-2F1B656DA580}.Release|Any CPU.ActiveCfg = Release|Any CPU
		{25714706-5195-4AB4-8573-2F1B656DA580}.Release|Any CPU.Build.0 = Release|Any CPU
		{25714706-5195-4AB4-8573-2F1B656DA580}.Release|ARM.ActiveCfg = Release|Any CPU
		{25714706-5195-4AB4-8573-2F1B656DA580}.Release|ARM.Build.0 = Release|Any CPU
		{25714706-5195-4AB4-8573-2F1B656DA580}.Release|x64.ActiveCfg = Release|Any CPU
		{25714706-5195-4AB4-8573-2F1B656DA580}.Release|x64.Build.0 = Release|Any CPU
		{25714706-5195-4AB4-8573-2F1B656DA580}.Release|x86.ActiveCfg = Release|Any CPU
		{25714706-5195-4AB4-8573-2F1B656DA580}.Release|x86.Build.0 = Release|Any CPU
		{5A6F5A77-BF15-4B64-9B03-191B9C7B7DE3}.Debug (Android)|Any CPU.ActiveCfg = Debug|Any CPU
		{5A6F5A77-BF15-4B64-9B03-191B9C7B7DE3}.Debug (Android)|Any CPU.Build.0 = Debug|Any CPU
		{5A6F5A77-BF15-4B64-9B03-191B9C7B7DE3}.Debug (Android)|ARM.ActiveCfg = Debug|Any CPU
		{5A6F5A77-BF15-4B64-9B03-191B9C7B7DE3}.Debug (Android)|ARM.Build.0 = Debug|Any CPU
		{5A6F5A77-BF15-4B64-9B03-191B9C7B7DE3}.Debug (Android)|x64.ActiveCfg = Debug|Any CPU
		{5A6F5A77-BF15-4B64-9B03-191B9C7B7DE3}.Debug (Android)|x64.Build.0 = Debug|Any CPU
		{5A6F5A77-BF15-4B64-9B03-191B9C7B7DE3}.Debug (Android)|x86.ActiveCfg = Debug|Any CPU
		{5A6F5A77-BF15-4B64-9B03-191B9C7B7DE3}.Debug (Android)|x86.Build.0 = Debug|Any CPU
		{5A6F5A77-BF15-4B64-9B03-191B9C7B7DE3}.Debug|Any CPU.ActiveCfg = Debug|Any CPU
		{5A6F5A77-BF15-4B64-9B03-191B9C7B7DE3}.Debug|Any CPU.Build.0 = Debug|Any CPU
		{5A6F5A77-BF15-4B64-9B03-191B9C7B7DE3}.Debug|ARM.ActiveCfg = Debug|Any CPU
		{5A6F5A77-BF15-4B64-9B03-191B9C7B7DE3}.Debug|ARM.Build.0 = Debug|Any CPU
		{5A6F5A77-BF15-4B64-9B03-191B9C7B7DE3}.Debug|x64.ActiveCfg = Debug|Any CPU
		{5A6F5A77-BF15-4B64-9B03-191B9C7B7DE3}.Debug|x64.Build.0 = Debug|Any CPU
		{5A6F5A77-BF15-4B64-9B03-191B9C7B7DE3}.Debug|x86.ActiveCfg = Debug|Any CPU
		{5A6F5A77-BF15-4B64-9B03-191B9C7B7DE3}.Debug|x86.Build.0 = Debug|Any CPU
		{5A6F5A77-BF15-4B64-9B03-191B9C7B7DE3}.Release (Android)|Any CPU.ActiveCfg = Release|Any CPU
		{5A6F5A77-BF15-4B64-9B03-191B9C7B7DE3}.Release (Android)|Any CPU.Build.0 = Release|Any CPU
		{5A6F5A77-BF15-4B64-9B03-191B9C7B7DE3}.Release (Android)|ARM.ActiveCfg = Release|Any CPU
		{5A6F5A77-BF15-4B64-9B03-191B9C7B7DE3}.Release (Android)|ARM.Build.0 = Release|Any CPU
		{5A6F5A77-BF15-4B64-9B03-191B9C7B7DE3}.Release (Android)|x64.ActiveCfg = Release|Any CPU
		{5A6F5A77-BF15-4B64-9B03-191B9C7B7DE3}.Release (Android)|x64.Build.0 = Release|Any CPU
		{5A6F5A77-BF15-4B64-9B03-191B9C7B7DE3}.Release (Android)|x86.ActiveCfg = Release|Any CPU
		{5A6F5A77-BF15-4B64-9B03-191B9C7B7DE3}.Release (Android)|x86.Build.0 = Release|Any CPU
		{5A6F5A77-BF15-4B64-9B03-191B9C7B7DE3}.Release|Any CPU.ActiveCfg = Release|Any CPU
		{5A6F5A77-BF15-4B64-9B03-191B9C7B7DE3}.Release|Any CPU.Build.0 = Release|Any CPU
		{5A6F5A77-BF15-4B64-9B03-191B9C7B7DE3}.Release|ARM.ActiveCfg = Release|Any CPU
		{5A6F5A77-BF15-4B64-9B03-191B9C7B7DE3}.Release|ARM.Build.0 = Release|Any CPU
		{5A6F5A77-BF15-4B64-9B03-191B9C7B7DE3}.Release|x64.ActiveCfg = Release|Any CPU
		{5A6F5A77-BF15-4B64-9B03-191B9C7B7DE3}.Release|x64.Build.0 = Release|Any CPU
		{5A6F5A77-BF15-4B64-9B03-191B9C7B7DE3}.Release|x86.ActiveCfg = Release|Any CPU
		{5A6F5A77-BF15-4B64-9B03-191B9C7B7DE3}.Release|x86.Build.0 = Release|Any CPU
		{4313E39F-F9EC-4579-BD7B-51ED7D8494DF}.Debug (Android)|Any CPU.ActiveCfg = Debug|Any CPU
		{4313E39F-F9EC-4579-BD7B-51ED7D8494DF}.Debug (Android)|Any CPU.Build.0 = Debug|Any CPU
		{4313E39F-F9EC-4579-BD7B-51ED7D8494DF}.Debug (Android)|ARM.ActiveCfg = Debug|ARM
		{4313E39F-F9EC-4579-BD7B-51ED7D8494DF}.Debug (Android)|ARM.Build.0 = Debug|ARM
		{4313E39F-F9EC-4579-BD7B-51ED7D8494DF}.Debug (Android)|x64.ActiveCfg = Debug|x64
		{4313E39F-F9EC-4579-BD7B-51ED7D8494DF}.Debug (Android)|x64.Build.0 = Debug|x64
		{4313E39F-F9EC-4579-BD7B-51ED7D8494DF}.Debug (Android)|x86.ActiveCfg = Debug|x86
		{4313E39F-F9EC-4579-BD7B-51ED7D8494DF}.Debug (Android)|x86.Build.0 = Debug|x86
		{4313E39F-F9EC-4579-BD7B-51ED7D8494DF}.Debug|Any CPU.ActiveCfg = Debug|Any CPU
		{4313E39F-F9EC-4579-BD7B-51ED7D8494DF}.Debug|Any CPU.Build.0 = Debug|Any CPU
		{4313E39F-F9EC-4579-BD7B-51ED7D8494DF}.Debug|ARM.ActiveCfg = Debug|ARM
		{4313E39F-F9EC-4579-BD7B-51ED7D8494DF}.Debug|ARM.Build.0 = Debug|ARM
		{4313E39F-F9EC-4579-BD7B-51ED7D8494DF}.Debug|x64.ActiveCfg = Debug|x64
		{4313E39F-F9EC-4579-BD7B-51ED7D8494DF}.Debug|x64.Build.0 = Debug|x64
		{4313E39F-F9EC-4579-BD7B-51ED7D8494DF}.Debug|x86.ActiveCfg = Debug|x86
		{4313E39F-F9EC-4579-BD7B-51ED7D8494DF}.Debug|x86.Build.0 = Debug|x86
		{4313E39F-F9EC-4579-BD7B-51ED7D8494DF}.Release (Android)|Any CPU.ActiveCfg = Release|Any CPU
		{4313E39F-F9EC-4579-BD7B-51ED7D8494DF}.Release (Android)|Any CPU.Build.0 = Release|Any CPU
		{4313E39F-F9EC-4579-BD7B-51ED7D8494DF}.Release (Android)|ARM.ActiveCfg = Release|ARM
		{4313E39F-F9EC-4579-BD7B-51ED7D8494DF}.Release (Android)|ARM.Build.0 = Release|ARM
		{4313E39F-F9EC-4579-BD7B-51ED7D8494DF}.Release (Android)|x64.ActiveCfg = Release|x64
		{4313E39F-F9EC-4579-BD7B-51ED7D8494DF}.Release (Android)|x64.Build.0 = Release|x64
		{4313E39F-F9EC-4579-BD7B-51ED7D8494DF}.Release (Android)|x86.ActiveCfg = Release|x86
		{4313E39F-F9EC-4579-BD7B-51ED7D8494DF}.Release (Android)|x86.Build.0 = Release|x86
		{4313E39F-F9EC-4579-BD7B-51ED7D8494DF}.Release|Any CPU.ActiveCfg = Release|Any CPU
		{4313E39F-F9EC-4579-BD7B-51ED7D8494DF}.Release|Any CPU.Build.0 = Release|Any CPU
		{4313E39F-F9EC-4579-BD7B-51ED7D8494DF}.Release|ARM.ActiveCfg = Release|ARM
		{4313E39F-F9EC-4579-BD7B-51ED7D8494DF}.Release|ARM.Build.0 = Release|ARM
		{4313E39F-F9EC-4579-BD7B-51ED7D8494DF}.Release|x64.ActiveCfg = Release|x64
		{4313E39F-F9EC-4579-BD7B-51ED7D8494DF}.Release|x64.Build.0 = Release|x64
		{4313E39F-F9EC-4579-BD7B-51ED7D8494DF}.Release|x86.ActiveCfg = Release|x86
		{4313E39F-F9EC-4579-BD7B-51ED7D8494DF}.Release|x86.Build.0 = Release|x86
	EndGlobalSection
	GlobalSection(SolutionProperties) = preSolution
		HideSolutionNode = FALSE
	EndGlobalSection
	GlobalSection(ExtensibilityGlobals) = postSolution
		SolutionGuid = {7F8315DB-B2AB-4499-AD06-21E0DC5B24AC}
	EndGlobalSection
EndGlobal
